
Microsoft Visual Studio Solution File, Format Version 12.00
# Visual Studio 14
VisualStudioVersion = 14.0.23107.0
MinimumVisualStudioVersion = 10.0.40219.1
Project("{FAE04EC0-301F-11D3-BF4B-00C04F79EFBC}") = "DynamicEntityFilter", "DynamicEntityFilter\DynamicEntityFilter.csproj", "{5CBE56EA-43BC-44C2-B06A-DE8446C4A868}"
EndProject
Project("{FAE04EC0-301F-11D3-BF4B-00C04F79EFBC}") = "DynamicEntityFilter.Main", "DynamicEntityFilter.Main\DynamicEntityFilter.Main.csproj", "{3225935C-BA64-4447-A420-6869D69A09DE}"
EndProject
Project("{FAE04EC0-301F-11D3-BF4B-00C04F79EFBC}") = "DynamicEntityFilter.Model", "DynamicEntityFilter.Model\DynamicEntityFilter.Model.csproj", "{3709E93A-0AE0-49D3-A392-8399CE268BEC}"
EndProject
Project("{FAE04EC0-301F-11D3-BF4B-00C04F79EFBC}") = "DynamicEntityFilter.Test", "DynamicEntityFilter.Test\DynamicEntityFilter.Test.csproj", "{D6812A12-BA5B-4B58-8CAF-274AED94C5C5}"
EndProject
Global
	GlobalSection(SolutionConfigurationPlatforms) = preSolution
		Debug|Any CPU = Debug|Any CPU
		Release|Any CPU = Release|Any CPU
	EndGlobalSection
	GlobalSection(ProjectConfigurationPlatforms) = postSolution
		{5CBE56EA-43BC-44C2-B06A-DE8446C4A868}.Debug|Any CPU.ActiveCfg = Debug|Any CPU
		{5CBE56EA-43BC-44C2-B06A-DE8446C4A868}.Debug|Any CPU.Build.0 = Debug|Any CPU
		{5CBE56EA-43BC-44C2-B06A-DE8446C4A868}.Release|Any CPU.ActiveCfg = Release|Any CPU
		{5CBE56EA-43BC-44C2-B06A-DE8446C4A868}.Release|Any CPU.Build.0 = Release|Any CPU
		{3225935C-BA64-4447-A420-6869D69A09DE}.Debug|Any CPU.ActiveCfg = Debug|Any CPU
		{3225935C-BA64-4447-A420-6869D69A09DE}.Debug|Any CPU.Build.0 = Debug|Any CPU
		{3225935C-BA64-4447-A420-6869D69A09DE}.Release|Any CPU.ActiveCfg = Release|Any CPU
		{3225935C-BA64-4447-A420-6869D69A09DE}.Release|Any CPU.Build.0 = Release|Any CPU
		{3709E93A-0AE0-49D3-A392-8399CE268BEC}.Debug|Any CPU.ActiveCfg = Debug|Any CPU
		{3709E93A-0AE0-49D3-A392-8399CE268BEC}.Debug|Any CPU.Build.0 = Debug|Any CPU
		{3709E93A-0AE0-49D3-A392-8399CE268BEC}.Release|Any CPU.ActiveCfg = Release|Any CPU
		{3709E93A-0AE0-49D3-A392-8399CE268BEC}.Release|Any CPU.Build.0 = Release|Any CPU
		{D6812A12-BA5B-4B58-8CAF-274AED94C5C5}.Debug|Any CPU.ActiveCfg = Debug|Any CPU
		{D6812A12-BA5B-4B58-8CAF-274AED94C5C5}.Debug|Any CPU.Build.0 = Debug|Any CPU
		{D6812A12-BA5B-4B58-8CAF-274AED94C5C5}.Release|Any CPU.ActiveCfg = Release|Any CPU
		{D6812A12-BA5B-4B58-8CAF-274AED94C5C5}.Release|Any CPU.Build.0 = Release|Any CPU
	EndGlobalSection
	GlobalSection(SolutionProperties) = preSolution
		HideSolutionNode = FALSE
	EndGlobalSection
EndGlobal
